{
  "name": "hooks",
  "version": "1.0.0",
  "lockfileVersion": 3,
  "requires": true,
  "packages": {
    "": {
      "name": "hooks",
      "version": "1.0.0",
      "license": "ISC",
      "dependencies": {
        "react": "^18.3.1",
        "react-dom": "18.3.1",
        "react-markdown": "^8.0.7"
      },
      "devDependencies": {
        "@types/react": "^18.3.12"
      }
    },
    "../../node_modules/.pnpm/react-dom@18.3.1_react@18.3.1/node_modules/react-dom": {
      "version": "18.3.1",
      "license": "MIT",
      "dependencies": {
        "loose-envify": "^1.1.0",
        "scheduler": "^0.23.2"
      },
      "peerDependencies": {
        "react": "^18.3.1"
      }
    },
    "../../node_modules/.pnpm/react-markdown@8.0.7_@types+react@18.3.12_react@18.3.1/node_modules/react-markdown": {
      "version": "8.0.7",
      "license": "MIT",
      "dependencies": {
        "@types/hast": "^2.0.0",
        "@types/prop-types": "^15.0.0",
        "@types/unist": "^2.0.0",
        "comma-separated-tokens": "^2.0.0",
        "hast-util-whitespace": "^2.0.0",
        "prop-types": "^15.0.0",
        "property-information": "^6.0.0",
        "react-is": "^18.0.0",
        "remark-parse": "^10.0.0",
        "remark-rehype": "^10.0.0",
        "space-separated-tokens": "^2.0.0",
        "style-to-object": "^0.4.0",
        "unified": "^10.0.0",
        "unist-util-visit": "^4.0.0",
        "vfile": "^5.0.0"
      },
      "devDependencies": {
        "@types/node": "^18.0.0",
        "@types/react": "^18.0.0",
        "@types/react-dom": "^18.0.0",
        "@types/react-is": "^17.0.0",
        "c8": "^7.0.0",
        "esbuild": "^0.17.0",
        "eslint-config-xo-react": "^0.27.0",
        "eslint-plugin-es": "^4.0.0",
        "eslint-plugin-react": "^7.0.0",
        "eslint-plugin-react-hooks": "^4.0.0",
        "eslint-plugin-security": "^1.0.0",
        "prettier": "^2.0.0",
        "react": "^18.0.0",
        "react-dom": "^18.0.0",
        "rehype-raw": "^6.0.0",
        "remark-cli": "^11.0.0",
        "remark-gfm": "^3.0.0",
        "remark-preset-wooorm": "^9.0.0",
        "remark-toc": "^8.0.0",
        "type-coverage": "^2.0.0",
        "typescript": "^5.0.0",
        "xo": "^0.54.0"
      },
      "funding": {
        "type": "opencollective",
        "url": "https://opencollective.com/unified"
      },
      "peerDependencies": {
        "@types/react": ">=16",
        "react": ">=16"
      }
    },
    "../../node_modules/.pnpm/react@18.3.1/node_modules/react": {
      "version": "18.3.1",
      "license": "MIT",
      "dependencies": {
        "loose-envify": "^1.1.0"
      },
      "engines": {
        "node": ">=0.10.0"
      }
    },
    "node_modules/@types/prop-types": {
      "version": "15.7.13",
      "resolved": "https://registry.npmjs.org/@types/prop-types/-/prop-types-15.7.13.tgz",
      "integrity": "sha512-hCZTSvwbzWGvhqxp/RqVqwU999pBf2vp7hzIjiYOsl8wqOmUxkQ6ddw1cV3l8811+kdUFus/q4d1Y3E3SyEifA==",
      "dev": true
    },
    "node_modules/@types/react": {
      "version": "18.3.12",
      "resolved": "https://registry.npmjs.org/@types/react/-/react-18.3.12.tgz",
      "integrity": "sha512-D2wOSq/d6Agt28q7rSI3jhU7G6aiuzljDGZ2hTZHIkrTLUI+AF3WMeKkEZ9nN2fkBAlcktT6vcZjDFiIhMYEQw==",
      "dev": true,
      "dependencies": {
        "@types/prop-types": "*",
        "csstype": "^3.0.2"
      }
    },
    "node_modules/csstype": {
      "version": "3.1.3",
      "resolved": "https://registry.npmjs.org/csstype/-/csstype-3.1.3.tgz",
      "integrity": "sha512-M1uQkMl8rQK/szD0LNhtqxIPLpimGm8sOBwU7lLnCpSbTyY3yeU1Vc7l4KT5zT4s/yOxHH5O7tIuuLOCnLADRw==",
      "dev": true
    },
    "node_modules/react": {
      "resolved": "../../node_modules/.pnpm/react@18.3.1/node_modules/react",
      "link": true
    },
    "node_modules/react-dom": {
      "resolved": "../../node_modules/.pnpm/react-dom@18.3.1_react@18.3.1/node_modules/react-dom",
      "link": true
    },
    "node_modules/react-markdown": {
      "resolved": "../../node_modules/.pnpm/react-markdown@8.0.7_@types+react@18.3.12_react@18.3.1/node_modules/react-markdown",
      "link": true
    }
  }
}
